
Microsoft Visual Studio Solution File, Format Version 12.00
# Visual Studio 15
VisualStudioVersion = 15.0.28010.2036
MinimumVisualStudioVersion = 10.0.40219.1
Project("{9A19103F-16F7-4668-BE54-9A1E7A4F7556}") = "dotnet2ts", "dotnet2ts\dotnet2ts.csproj", "{BC3D90B8-6E59-40D9-909A-F755A86DD169}"
EndProject
Project("{9A19103F-16F7-4668-BE54-9A1E7A4F7556}") = "TestDLL", "TestDLL\TestDLL.csproj", "{612360CF-2941-4F2C-8060-15ED1F017154}"
EndProject
Project("{FAE04EC0-301F-11D3-BF4B-00C04F79EFBC}") = "Tests", "Tests\Tests.csproj", "{FE2F2CE4-88AC-46B8-9289-1C5507B71652}"
EndProject
Global
	GlobalSection(SolutionConfigurationPlatforms) = preSolution
		Debug|Any CPU = Debug|Any CPU
		Release|Any CPU = Release|Any CPU
	EndGlobalSection
	GlobalSection(ProjectConfigurationPlatforms) = postSolution
		{BC3D90B8-6E59-40D9-909A-F755A86DD169}.Debug|Any CPU.ActiveCfg = Debug|Any CPU
		{BC3D90B8-6E59-40D9-909A-F755A86DD169}.Debug|Any CPU.Build.0 = Debug|Any CPU
		{BC3D90B8-6E59-40D9-909A-F755A86DD169}.Release|Any CPU.ActiveCfg = Release|Any CPU
		{BC3D90B8-6E59-40D9-909A-F755A86DD169}.Release|Any CPU.Build.0 = Release|Any CPU
		{612360CF-2941-4F2C-8060-15ED1F017154}.Debug|Any CPU.ActiveCfg = Debug|Any CPU
		{612360CF-2941-4F2C-8060-15ED1F017154}.Debug|Any CPU.Build.0 = Debug|Any CPU
		{612360CF-2941-4F2C-8060-15ED1F017154}.Release|Any CPU.ActiveCfg = Release|Any CPU
		{612360CF-2941-4F2C-8060-15ED1F017154}.Release|Any CPU.Build.0 = Release|Any CPU
		{FE2F2CE4-88AC-46B8-9289-1C5507B71652}.Debug|Any CPU.ActiveCfg = Debug|Any CPU
		{FE2F2CE4-88AC-46B8-9289-1C5507B71652}.Debug|Any CPU.Build.0 = Debug|Any CPU
		{FE2F2CE4-88AC-46B8-9289-1C5507B71652}.Release|Any CPU.ActiveCfg = Release|Any CPU
		{FE2F2CE4-88AC-46B8-9289-1C5507B71652}.Release|Any CPU.Build.0 = Release|Any CPU
	EndGlobalSection
	GlobalSection(SolutionProperties) = preSolution
		HideSolutionNode = FALSE
	EndGlobalSection
	GlobalSection(ExtensibilityGlobals) = postSolution
		SolutionGuid = {C5FA0F07-8798-4293-8039-DB1C12408E2D}
	EndGlobalSection
EndGlobal
